
Microsoft Visual Studio Solution File, Format Version 12.00
# Visual Studio Version 17
VisualStudioVersion = 17.0.31912.275
MinimumVisualStudioVersion = 10.0.40219.1
Project("{FAE04EC0-301F-11D3-BF4B-00C04F79EFBC}") = "Лабораторна робота 1 Авторизація", "Лабораторна робота 1 Авторизація\Лабораторна робота 1 Авторизація.csproj", "{62F3BF52-2A9B-4091-A294-019DF91FC3BD}"
EndProject
Global
	GlobalSection(SolutionConfigurationPlatforms) = preSolution
		Debug|Any CPU = Debug|Any CPU
		Release|Any CPU = Release|Any CPU
	EndGlobalSection
	GlobalSection(ProjectConfigurationPlatforms) = postSolution
		{62F3BF52-2A9B-4091-A294-019DF91FC3BD}.Debug|Any CPU.ActiveCfg = Debug|Any CPU
		{62F3BF52-2A9B-4091-A294-019DF91FC3BD}.Debug|Any CPU.Build.0 = Debug|Any CPU
		{62F3BF52-2A9B-4091-A294-019DF91FC3BD}.Release|Any CPU.ActiveCfg = Release|Any CPU
		{62F3BF52-2A9B-4091-A294-019DF91FC3BD}.Release|Any CPU.Build.0 = Release|Any CPU
	EndGlobalSection
	GlobalSection(SolutionProperties) = preSolution
		HideSolutionNode = FALSE
	EndGlobalSection
	GlobalSection(ExtensibilityGlobals) = postSolution
		SolutionGuid = {F36536A4-BBAE-494E-9857-0892744B7249}
	EndGlobalSection
EndGlobal
